// !$*UTF8*$!
{
	archiveVersion = 1;
	classes = {
	};
	objectVersion = 56;
	objects = {

/* Begin PBXBuildFile section */
		A8C5CC032CFBAC8900B4C0E2 /* MANetwork in Frameworks */ = {isa = PBXBuildFile; productRef = A8C5CC022CFBAC8900B4C0E2 /* MANetwork */; };
		A8C5CC052CFBAC9000B4C0E2 /* MoviesLookups in Frameworks */ = {isa = PBXBuildFile; productRef = A8C5CC042CFBAC9000B4C0E2 /* MoviesLookups */; };
		A8ED94682CFF40F6004C0E7A /* Commons in Frameworks */ = {isa = PBXBuildFile; productRef = A8ED94672CFF40F6004C0E7A /* Commons */; };
		A8ED946A2CFF4104004C0E7A /* MovieDetailsModule in Frameworks */ = {isa = PBXBuildFile; productRef = A8ED94692CFF4104004C0E7A /* MovieDetailsModule */; };
		A8ED946C2CFF4116004C0E7A /* MoviesModule in Frameworks */ = {isa = PBXBuildFile; productRef = A8ED946B2CFF4116004C0E7A /* MoviesModule */; };
		A8ED946E2CFF4154004C0E7A /* MoviesCaching in Frameworks */ = {isa = PBXBuildFile; productRef = A8ED946D2CFF4154004C0E7A /* MoviesCaching */; };
		A8F1D1712CFF3F390077C399 /* MoviesCaching in Resources */ = {isa = PBXBuildFile; fileRef = A8F1D1622CFF3F390077C399 /* MoviesCaching */; };
		A8F1D1722CFF3F390077C399 /* Commons in Resources */ = {isa = PBXBuildFile; fileRef = A8F1D1632CFF3F390077C399 /* Commons */; };
		A8F1D1732CFF3F390077C399 /* MoviesCoordinator.swift in Sources */ = {isa = PBXBuildFile; fileRef = A8F1D1642CFF3F390077C399 /* MoviesCoordinator.swift */; };
		A8F1D1742CFF3F390077C399 /* MoviesCoordinatorView.swift in Sources */ = {isa = PBXBuildFile; fileRef = A8F1D1652CFF3F390077C399 /* MoviesCoordinatorView.swift */; };
		A8F1D1752CFF3F390077C399 /* MovieDetailsModule in Resources */ = {isa = PBXBuildFile; fileRef = A8F1D1672CFF3F390077C399 /* MovieDetailsModule */; };
		A8F1D1762CFF3F390077C399 /* MoviesModule in Resources */ = {isa = PBXBuildFile; fileRef = A8F1D1682CFF3F390077C399 /* MoviesModule */; };
		A8F1D1772CFF3F390077C399 /* Preview Assets.xcassets in Resources */ = {isa = PBXBuildFile; fileRef = A8F1D16A2CFF3F390077C399 /* Preview Assets.xcassets */; };
		A8F1D1782CFF3F390077C399 /* Assets.xcassets in Resources */ = {isa = PBXBuildFile; fileRef = A8F1D16C2CFF3F390077C399 /* Assets.xcassets */; };
		A8F1D1792CFF3F390077C399 /* MoviesList_MVVM_SwiftUIApp.swift in Sources */ = {isa = PBXBuildFile; fileRef = A8F1D16D2CFF3F390077C399 /* MoviesList_MVVM_SwiftUIApp.swift */; };
		A8F1D17A2CFF3F390077C399 /* MoviesLookups in Resources */ = {isa = PBXBuildFile; fileRef = A8F1D16F2CFF3F390077C399 /* MoviesLookups */; };
		A8F1D17B2CFF3F390077C399 /* MANetwork in Resources */ = {isa = PBXBuildFile; fileRef = A8F1D1702CFF3F390077C399 /* MANetwork */; };
/* End PBXBuildFile section */

/* Begin PBXFileReference section */
		A8C5CBED2CFBA6D000B4C0E2 /* JahezTask.app */ = {isa = PBXFileReference; explicitFileType = wrapper.application; includeInIndex = 0; path = JahezTask.app; sourceTree = BUILT_PRODUCTS_DIR; };
		A8F1D1622CFF3F390077C399 /* MoviesCaching */ = {isa = PBXFileReference; lastKnownFileType = wrapper; path = MoviesCaching; sourceTree = "<group>"; };
		A8F1D1632CFF3F390077C399 /* Commons */ = {isa = PBXFileReference; lastKnownFileType = wrapper; path = Commons; sourceTree = "<group>"; };
		A8F1D1642CFF3F390077C399 /* MoviesCoordinator.swift */ = {isa = PBXFileReference; fileEncoding = 4; lastKnownFileType = sourcecode.swift; path = MoviesCoordinator.swift; sourceTree = "<group>"; };
		A8F1D1652CFF3F390077C399 /* MoviesCoordinatorView.swift */ = {isa = PBXFileReference; fileEncoding = 4; lastKnownFileType = sourcecode.swift; path = MoviesCoordinatorView.swift; sourceTree = "<group>"; };
		A8F1D1672CFF3F390077C399 /* MovieDetailsModule */ = {isa = PBXFileReference; lastKnownFileType = wrapper; path = MovieDetailsModule; sourceTree = "<group>"; };
		A8F1D1682CFF3F390077C399 /* MoviesModule */ = {isa = PBXFileReference; lastKnownFileType = wrapper; path = MoviesModule; sourceTree = "<group>"; };
		A8F1D16A2CFF3F390077C399 /* Preview Assets.xcassets */ = {isa = PBXFileReference; lastKnownFileType = folder.assetcatalog; path = "Preview Assets.xcassets"; sourceTree = "<group>"; };
		A8F1D16C2CFF3F390077C399 /* Assets.xcassets */ = {isa = PBXFileReference; lastKnownFileType = folder.assetcatalog; path = Assets.xcassets; sourceTree = "<group>"; };
		A8F1D16D2CFF3F390077C399 /* MoviesList_MVVM_SwiftUIApp.swift */ = {isa = PBXFileReference; fileEncoding = 4; lastKnownFileType = sourcecode.swift; path = MoviesList_MVVM_SwiftUIApp.swift; sourceTree = "<group>"; };
		A8F1D16F2CFF3F390077C399 /* MoviesLookups */ = {isa = PBXFileReference; lastKnownFileType = wrapper; path = MoviesLookups; sourceTree = "<group>"; };
		A8F1D1702CFF3F390077C399 /* MANetwork */ = {isa = PBXFileReference; lastKnownFileType = wrapper; path = MANetwork; sourceTree = "<group>"; };
/* End PBXFileReference section */

/* Begin PBXFrameworksBuildPhase section */
		A8C5CBEA2CFBA6D000B4C0E2 /* Frameworks */ = {
			isa = PBXFrameworksBuildPhase;
			buildActionMask = 2147483647;
			files = (
				A8ED94682CFF40F6004C0E7A /* Commons in Frameworks */,
				A8ED946C2CFF4116004C0E7A /* MoviesModule in Frameworks */,
				A8C5CC032CFBAC8900B4C0E2 /* MANetwork in Frameworks */,
				A8ED946E2CFF4154004C0E7A /* MoviesCaching in Frameworks */,
				A8ED946A2CFF4104004C0E7A /* MovieDetailsModule in Frameworks */,
				A8C5CC052CFBAC9000B4C0E2 /* MoviesLookups in Frameworks */,
			);
			runOnlyForDeploymentPostprocessing = 0;
		};
/* End PBXFrameworksBuildPhase section */

/* Begin PBXGroup section */
		A8C5CBE42CFBA6D000B4C0E2 = {
			isa = PBXGroup;
			children = (
				A8C5CBEF2CFBA6D000B4C0E2 /* JahezTask */,
				A8C5CBEE2CFBA6D000B4C0E2 /* Products */,
				A8C5CC012CFBAC8900B4C0E2 /* Frameworks */,
			);
			sourceTree = "<group>";
		};
		A8C5CBEE2CFBA6D000B4C0E2 /* Products */ = {
			isa = PBXGroup;
			children = (
				A8C5CBED2CFBA6D000B4C0E2 /* JahezTask.app */,
			);
			name = Products;
			sourceTree = "<group>";
		};
		A8C5CBEF2CFBA6D000B4C0E2 /* JahezTask */ = {
			isa = PBXGroup;
			children = (
				A8F1D16F2CFF3F390077C399 /* MoviesLookups */,
				A8F1D1632CFF3F390077C399 /* Commons */,
				A8F1D1702CFF3F390077C399 /* MANetwork */,
				A8F1D1622CFF3F390077C399 /* MoviesCaching */,
				A8F1D16E2CFF3F390077C399 /* MoviesList-MVVM-SwiftUI */,
			);
			path = JahezTask;
			sourceTree = "<group>";
		};
		A8C5CC012CFBAC8900B4C0E2 /* Frameworks */ = {
			isa = PBXGroup;
			children = (
			);
			name = Frameworks;
			sourceTree = "<group>";
		};
		A8F1D1662CFF3F390077C399 /* Coordinator */ = {
			isa = PBXGroup;
			children = (
				A8F1D1642CFF3F390077C399 /* MoviesCoordinator.swift */,
				A8F1D1652CFF3F390077C399 /* MoviesCoordinatorView.swift */,
			);
			path = Coordinator;
			sourceTree = "<group>";
		};
		A8F1D1692CFF3F390077C399 /* Modules */ = {
			isa = PBXGroup;
			children = (
				A8F1D1662CFF3F390077C399 /* Coordinator */,
				A8F1D1672CFF3F390077C399 /* MovieDetailsModule */,
				A8F1D1682CFF3F390077C399 /* MoviesModule */,
			);
			path = Modules;
			sourceTree = "<group>";
		};
		A8F1D16B2CFF3F390077C399 /* Preview Content */ = {
			isa = PBXGroup;
			children = (
				A8F1D16A2CFF3F390077C399 /* Preview Assets.xcassets */,
			);
			path = "Preview Content";
			sourceTree = "<group>";
		};
		A8F1D16E2CFF3F390077C399 /* MoviesList-MVVM-SwiftUI */ = {
			isa = PBXGroup;
			children = (
				A8F1D1692CFF3F390077C399 /* Modules */,
				A8F1D16B2CFF3F390077C399 /* Preview Content */,
				A8F1D16C2CFF3F390077C399 /* Assets.xcassets */,
				A8F1D16D2CFF3F390077C399 /* MoviesList_MVVM_SwiftUIApp.swift */,
			);
			path = "MoviesList-MVVM-SwiftUI";
			sourceTree = "<group>";
		};
/* End PBXGroup section */

/* Begin PBXNativeTarget section */
		A8C5CBEC2CFBA6D000B4C0E2 /* JahezTask */ = {
			isa = PBXNativeTarget;
			buildConfigurationList = A8C5CBFB2CFBA6D100B4C0E2 /* Build configuration list for PBXNativeTarget "JahezTask" */;
			buildPhases = (
				A8C5CBE92CFBA6D000B4C0E2 /* Sources */,
				A8C5CBEA2CFBA6D000B4C0E2 /* Frameworks */,
				A8C5CBEB2CFBA6D000B4C0E2 /* Resources */,
			);
			buildRules = (
			);
			dependencies = (
			);
			name = JahezTask;
			packageProductDependencies = (
				A8C5CC022CFBAC8900B4C0E2 /* MANetwork */,
				A8C5CC042CFBAC9000B4C0E2 /* MoviesLookups */,
				A8ED94672CFF40F6004C0E7A /* Commons */,
				A8ED94692CFF4104004C0E7A /* MovieDetailsModule */,
				A8ED946B2CFF4116004C0E7A /* MoviesModule */,
				A8ED946D2CFF4154004C0E7A /* MoviesCaching */,
			);
			productName = JahezTask;
			productReference = A8C5CBED2CFBA6D000B4C0E2 /* JahezTask.app */;
			productType = "com.apple.product-type.application";
		};
/* End PBXNativeTarget section */

/* Begin PBXProject section */
		A8C5CBE52CFBA6D000B4C0E2 /* Project object */ = {
			isa = PBXProject;
			attributes = {
				BuildIndependentTargetsInParallel = 1;
				LastSwiftUpdateCheck = 1530;
				LastUpgradeCheck = 1530;
				TargetAttributes = {
					A8C5CBEC2CFBA6D000B4C0E2 = {
						CreatedOnToolsVersion = 15.3;
					};
				};
			};
			buildConfigurationList = A8C5CBE82CFBA6D000B4C0E2 /* Build configuration list for PBXProject "JahezTask" */;
			compatibilityVersion = "Xcode 14.0";
			developmentRegion = en;
			hasScannedForEncodings = 0;
			knownRegions = (
				en,
				Base,
			);
			mainGroup = A8C5CBE42CFBA6D000B4C0E2;
			productRefGroup = A8C5CBEE2CFBA6D000B4C0E2 /* Products */;
			projectDirPath = "";
			projectRoot = "";
			targets = (
				A8C5CBEC2CFBA6D000B4C0E2 /* JahezTask */,
			);
		};
/* End PBXProject section */

/* Begin PBXResourcesBuildPhase section */
		A8C5CBEB2CFBA6D000B4C0E2 /* Resources */ = {
			isa = PBXResourcesBuildPhase;
			buildActionMask = 2147483647;
			files = (
				A8F1D1752CFF3F390077C399 /* MovieDetailsModule in Resources */,
				A8F1D17B2CFF3F390077C399 /* MANetwork in Resources */,
				A8F1D1762CFF3F390077C399 /* MoviesModule in Resources */,
				A8F1D1772CFF3F390077C399 /* Preview Assets.xcassets in Resources */,
				A8F1D1712CFF3F390077C399 /* MoviesCaching in Resources */,
				A8F1D1782CFF3F390077C399 /* Assets.xcassets in Resources */,
				A8F1D1722CFF3F390077C399 /* Commons in Resources */,
				A8F1D17A2CFF3F390077C399 /* MoviesLookups in Resources */,
			);
			runOnlyForDeploymentPostprocessing = 0;
		};
/* End PBXResourcesBuildPhase section */

/* Begin PBXSourcesBuildPhase section */
		A8C5CBE92CFBA6D000B4C0E2 /* Sources */ = {
			isa = PBXSourcesBuildPhase;
			buildActionMask = 2147483647;
			files = (
				A8F1D1792CFF3F390077C399 /* MoviesList_MVVM_SwiftUIApp.swift in Sources */,
				A8F1D1742CFF3F390077C399 /* MoviesCoordinatorView.swift in Sources */,
				A8F1D1732CFF3F390077C399 /* MoviesCoordinator.swift in Sources */,
			);
			runOnlyForDeploymentPostprocessing = 0;
		};
/* End PBXSourcesBuildPhase section */

/* Begin XCBuildConfiguration section */
		A8C5CBF92CFBA6D100B4C0E2 /* Debug */ = {
			isa = XCBuildConfiguration;
			buildSettings = {
				ALWAYS_SEARCH_USER_PATHS = NO;
				ASSETCATALOG_COMPILER_GENERATE_SWIFT_ASSET_SYMBOL_EXTENSIONS = YES;
				CLANG_ANALYZER_NONNULL = YES;
				CLANG_ANALYZER_NUMBER_OBJECT_CONVERSION = YES_AGGRESSIVE;
				CLANG_CXX_LANGUAGE_STANDARD = "gnu++20";
				CLANG_ENABLE_MODULES = YES;
				CLANG_ENABLE_OBJC_ARC = YES;
				CLANG_ENABLE_OBJC_WEAK = YES;
				CLANG_WARN_BLOCK_CAPTURE_AUTORELEASING = YES;
				CLANG_WARN_BOOL_CONVERSION = YES;
				CLANG_WARN_COMMA = YES;
				CLANG_WARN_CONSTANT_CONVERSION = YES;
				CLANG_WARN_DEPRECATED_OBJC_IMPLEMENTATIONS = YES;
				CLANG_WARN_DIRECT_OBJC_ISA_USAGE = YES_ERROR;
				CLANG_WARN_DOCUMENTATION_COMMENTS = YES;
				CLANG_WARN_EMPTY_BODY = YES;
				CLANG_WARN_ENUM_CONVERSION = YES;
				CLANG_WARN_INFINITE_RECURSION = YES;
				CLANG_WARN_INT_CONVERSION = YES;
				CLANG_WARN_NON_LITERAL_NULL_CONVERSION = YES;
				CLANG_WARN_OBJC_IMPLICIT_RETAIN_SELF = YES;
				CLANG_WARN_OBJC_LITERAL_CONVERSION = YES;
				CLANG_WARN_OBJC_ROOT_CLASS = YES_ERROR;
				CLANG_WARN_QUOTED_INCLUDE_IN_FRAMEWORK_HEADER = YES;
				CLANG_WARN_RANGE_LOOP_ANALYSIS = YES;
				CLANG_WARN_STRICT_PROTOTYPES = YES;
				CLANG_WARN_SUSPICIOUS_MOVE = YES;
				CLANG_WARN_UNGUARDED_AVAILABILITY = YES_AGGRESSIVE;
				CLANG_WARN_UNREACHABLE_CODE = YES;
				CLANG_WARN__DUPLICATE_METHOD_MATCH = YES;
				COPY_PHASE_STRIP = NO;
				DEBUG_INFORMATION_FORMAT = dwarf;
				ENABLE_STRICT_OBJC_MSGSEND = YES;
				ENABLE_TESTABILITY = YES;
				ENABLE_USER_SCRIPT_SANDBOXING = YES;
				GCC_C_LANGUAGE_STANDARD = gnu17;
				GCC_DYNAMIC_NO_PIC = NO;
				GCC_NO_COMMON_BLOCKS = YES;
				GCC_OPTIMIZATION_LEVEL = 0;
				GCC_PREPROCESSOR_DEFINITIONS = (
					"DEBUG=1",
					"$(inherited)",
				);
				GCC_WARN_64_TO_32_BIT_CONVERSION = YES;
				GCC_WARN_ABOUT_RETURN_TYPE = YES_ERROR;
				GCC_WARN_UNDECLARED_SELECTOR = YES;
				GCC_WARN_UNINITIALIZED_AUTOS = YES_AGGRESSIVE;
				GCC_WARN_UNUSED_FUNCTION = YES;
				GCC_WARN_UNUSED_VARIABLE = YES;
				IPHONEOS_DEPLOYMENT_TARGET = 17.4;
				LOCALIZATION_PREFERS_STRING_CATALOGS = YES;
				MTL_ENABLE_DEBUG_INFO = INCLUDE_SOURCE;
				MTL_FAST_MATH = YES;
				ONLY_ACTIVE_ARCH = YES;
				SDKROOT = iphoneos;
				SWIFT_ACTIVE_COMPILATION_CONDITIONS = "DEBUG $(inherited)";
				SWIFT_OPTIMIZATION_LEVEL = "-Onone";
			};
			name = Debug;
		};
		A8C5CBFA2CFBA6D100B4C0E2 /* Release */ = {
			isa = XCBuildConfiguration;
			buildSettings = {
				ALWAYS_SEARCH_USER_PATHS = NO;
				ASSETCATALOG_COMPILER_GENERATE_SWIFT_ASSET_SYMBOL_EXTENSIONS = YES;
				CLANG_ANALYZER_NONNULL = YES;
				CLANG_ANALYZER_NUMBER_OBJECT_CONVERSION = YES_AGGRESSIVE;
				CLANG_CXX_LANGUAGE_STANDARD = "gnu++20";
				CLANG_ENABLE_MODULES = YES;
				CLANG_ENABLE_OBJC_ARC = YES;
				CLANG_ENABLE_OBJC_WEAK = YES;
				CLANG_WARN_BLOCK_CAPTURE_AUTORELEASING = YES;
				CLANG_WARN_BOOL_CONVERSION = YES;
				CLANG_WARN_COMMA = YES;
				CLANG_WARN_CONSTANT_CONVERSION = YES;
				CLANG_WARN_DEPRECATED_OBJC_IMPLEMENTATIONS = YES;
				CLANG_WARN_DIRECT_OBJC_ISA_USAGE = YES_ERROR;
				CLANG_WARN_DOCUMENTATION_COMMENTS = YES;
				CLANG_WARN_EMPTY_BODY = YES;
				CLANG_WARN_ENUM_CONVERSION = YES;
				CLANG_WARN_INFINITE_RECURSION = YES;
				CLANG_WARN_INT_CONVERSION = YES;
				CLANG_WARN_NON_LITERAL_NULL_CONVERSION = YES;
				CLANG_WARN_OBJC_IMPLICIT_RETAIN_SELF = YES;
				CLANG_WARN_OBJC_LITERAL_CONVERSION = YES;
				CLANG_WARN_OBJC_ROOT_CLASS = YES_ERROR;
				CLANG_WARN_QUOTED_INCLUDE_IN_FRAMEWORK_HEADER = YES;
				CLANG_WARN_RANGE_LOOP_ANALYSIS = YES;
				CLANG_WARN_STRICT_PROTOTYPES = YES;
				CLANG_WARN_SUSPICIOUS_MOVE = YES;
				CLANG_WARN_UNGUARDED_AVAILABILITY = YES_AGGRESSIVE;
				CLANG_WARN_UNREACHABLE_CODE = YES;
				CLANG_WARN__DUPLICATE_METHOD_MATCH = YES;
				COPY_PHASE_STRIP = NO;
				DEBUG_INFORMATION_FORMAT = "dwarf-with-dsym";
				ENABLE_NS_ASSERTIONS = NO;
				ENABLE_STRICT_OBJC_MSGSEND = YES;
				ENABLE_USER_SCRIPT_SANDBOXING = YES;
				GCC_C_LANGUAGE_STANDARD = gnu17;
				GCC_NO_COMMON_BLOCKS = YES;
				GCC_WARN_64_TO_32_BIT_CONVERSION = YES;
				GCC_WARN_ABOUT_RETURN_TYPE = YES_ERROR;
				GCC_WARN_UNDECLARED_SELECTOR = YES;
				GCC_WARN_UNINITIALIZED_AUTOS = YES_AGGRESSIVE;
				GCC_WARN_UNUSED_FUNCTION = YES;
				GCC_WARN_UNUSED_VARIABLE = YES;
				IPHONEOS_DEPLOYMENT_TARGET = 17.4;
				LOCALIZATION_PREFERS_STRING_CATALOGS = YES;
				MTL_ENABLE_DEBUG_INFO = NO;
				MTL_FAST_MATH = YES;
				SDKROOT = iphoneos;
				SWIFT_COMPILATION_MODE = wholemodule;
				VALIDATE_PRODUCT = YES;
			};
			name = Release;
		};
		A8C5CBFC2CFBA6D100B4C0E2 /* Debug */ = {
			isa = XCBuildConfiguration;
			buildSettings = {
				ASSETCATALOG_COMPILER_APPICON_NAME = AppIcon;
				ASSETCATALOG_COMPILER_GLOBAL_ACCENT_COLOR_NAME = AccentColor;
				CODE_SIGN_STYLE = Automatic;
				CURRENT_PROJECT_VERSION = 1;
				DEVELOPMENT_ASSET_PATHS = "\"JahezTask/MoviesList-MVVM-SwiftUI/Preview Content\"";
				DEVELOPMENT_TEAM = Z2D7GK7Q9Q;
				ENABLE_PREVIEWS = YES;
				GENERATE_INFOPLIST_FILE = YES;
				INFOPLIST_KEY_UIApplicationSceneManifest_Generation = YES;
				INFOPLIST_KEY_UIApplicationSupportsIndirectInputEvents = YES;
				INFOPLIST_KEY_UILaunchScreen_Generation = YES;
				INFOPLIST_KEY_UISupportedInterfaceOrientations_iPad = "UIInterfaceOrientationPortrait UIInterfaceOrientationPortraitUpsideDown UIInterfaceOrientationLandscapeLeft UIInterfaceOrientationLandscapeRight";
				INFOPLIST_KEY_UISupportedInterfaceOrientations_iPhone = "UIInterfaceOrientationPortrait UIInterfaceOrientationLandscapeLeft UIInterfaceOrientationLandscapeRight";
				LD_RUNPATH_SEARCH_PATHS = (
					"$(inherited)",
					"@executable_path/Frameworks",
				);
				MARKETING_VERSION = 1.0;
				PRODUCT_BUNDLE_IDENTIFIER = Mostafa.JahezTask;
				PRODUCT_NAME = "$(TARGET_NAME)";
				SWIFT_EMIT_LOC_STRINGS = YES;
				SWIFT_VERSION = 5.0;
				TARGETED_DEVICE_FAMILY = "1,2";
			};
			name = Debug;
		};
		A8C5CBFD2CFBA6D100B4C0E2 /* Release */ = {
			isa = XCBuildConfiguration;
			buildSettings = {
				ASSETCATALOG_COMPILER_APPICON_NAME = AppIcon;
				ASSETCATALOG_COMPILER_GLOBAL_ACCENT_COLOR_NAME = AccentColor;
				CODE_SIGN_STYLE = Automatic;
				CURRENT_PROJECT_VERSION = 1;
				DEVELOPMENT_ASSET_PATHS = "\"JahezTask/MoviesList-MVVM-SwiftUI/Preview Content\"";
				DEVELOPMENT_TEAM = Z2D7GK7Q9Q;
				ENABLE_PREVIEWS = YES;
				GENERATE_INFOPLIST_FILE = YES;
				INFOPLIST_KEY_UIApplicationSceneManifest_Generation = YES;
				INFOPLIST_KEY_UIApplicationSupportsIndirectInputEvents = YES;
				INFOPLIST_KEY_UILaunchScreen_Generation = YES;
				INFOPLIST_KEY_UISupportedInterfaceOrientations_iPad = "UIInterfaceOrientationPortrait UIInterfaceOrientationPortraitUpsideDown UIInterfaceOrientationLandscapeLeft UIInterfaceOrientationLandscapeRight";
				INFOPLIST_KEY_UISupportedInterfaceOrientations_iPhone = "UIInterfaceOrientationPortrait UIInterfaceOrientationLandscapeLeft UIInterfaceOrientationLandscapeRight";
				LD_RUNPATH_SEARCH_PATHS = (
					"$(inherited)",
					"@executable_path/Frameworks",
				);
				MARKETING_VERSION = 1.0;
				PRODUCT_BUNDLE_IDENTIFIER = Mostafa.JahezTask;
				PRODUCT_NAME = "$(TARGET_NAME)";
				SWIFT_EMIT_LOC_STRINGS = YES;
				SWIFT_VERSION = 5.0;
				TARGETED_DEVICE_FAMILY = "1,2";
			};
			name = Release;
		};
/* End XCBuildConfiguration section */

/* Begin XCConfigurationList section */
		A8C5CBE82CFBA6D000B4C0E2 /* Build configuration list for PBXProject "JahezTask" */ = {
			isa = XCConfigurationList;
			buildConfigurations = (
				A8C5CBF92CFBA6D100B4C0E2 /* Debug */,
				A8C5CBFA2CFBA6D100B4C0E2 /* Release */,
			);
			defaultConfigurationIsVisible = 0;
			defaultConfigurationName = Release;
		};
		A8C5CBFB2CFBA6D100B4C0E2 /* Build configuration list for PBXNativeTarget "JahezTask" */ = {
			isa = XCConfigurationList;
			buildConfigurations = (
				A8C5CBFC2CFBA6D100B4C0E2 /* Debug */,
				A8C5CBFD2CFBA6D100B4C0E2 /* Release */,
			);
			defaultConfigurationIsVisible = 0;
			defaultConfigurationName = Release;
		};
/* End XCConfigurationList section */

/* Begin XCSwiftPackageProductDependency section */
		A8C5CC022CFBAC8900B4C0E2 /* MANetwork */ = {
			isa = XCSwiftPackageProductDependency;
			productName = MANetwork;
		};
		A8C5CC042CFBAC9000B4C0E2 /* MoviesLookups */ = {
			isa = XCSwiftPackageProductDependency;
			productName = MoviesLookups;
		};
		A8ED94672CFF40F6004C0E7A /* Commons */ = {
			isa = XCSwiftPackageProductDependency;
			productName = Commons;
		};
		A8ED94692CFF4104004C0E7A /* MovieDetailsModule */ = {
			isa = XCSwiftPackageProductDependency;
			productName = MovieDetailsModule;
		};
		A8ED946B2CFF4116004C0E7A /* MoviesModule */ = {
			isa = XCSwiftPackageProductDependency;
			productName = MoviesModule;
		};
		A8ED946D2CFF4154004C0E7A /* MoviesCaching */ = {
			isa = XCSwiftPackageProductDependency;
			productName = MoviesCaching;
		};
/* End XCSwiftPackageProductDependency section */
	};
	rootObject = A8C5CBE52CFBA6D000B4C0E2 /* Project object */;
}
